{
  "object": {
    "pins": [
      {
        "package": "Alamofire",
        "repositoryURL": "https://github.com/Alamofire/Alamofire",
        "state": {
          "branch": "master",
          "revision": "65b77694905b0dea7e419b2f74b1e5dc037094b5",
          "version": null
        }
      },
      {
        "package": "KeychainSwift",
        "repositoryURL": "https://github.com/evgenyneu/keychain-swift.git",
        "state": {
          "branch": "master",
          "revision": "e538f8bb0434c70d27b25ca72bec96735183c037",
          "version": null
        }
      },
      {
        "package": "Pulse",
        "repositoryURL": "https://github.com/kean/Pulse",
        "state": {
          "branch": "master",
          "revision": "6df53c328bac2ac8a83dce86889f253dadbc19c0",
          "version": null
        }
      },
      {
        "package": "Schedule",
        "repositoryURL": "https://github.com/luoxiu/Schedule",
        "state": {
          "branch": null,
          "revision": "e388fcab1d870f32c0359a414fda81b8e81b98c9",
          "version": "2.1.1"
        }
      },
      {
        "package": "Sentry",
        "repositoryURL": "https://github.com/getsentry/sentry-cocoa",
        "state": {
          "branch": null,
          "revision": "3429d2236a9eebf551f82e513daa1cddd60050f7",
          "version": "7.4.7"
        }
      },
      {
        "package": "SPIndicator",
        "repositoryURL": "https://github.com/ivanvorobei/SPIndicator",
        "state": {
          "branch": null,
          "revision": "bf89051dbbabf302804c237cc4b8fa324805432c",
          "version": "1.4.1"
        }
      },
      {
        "package": "SPPermissions",
        "repositoryURL": "https://github.com/ivanvorobei/SPPermissions",
        "state": {
          "branch": null,
          "revision": "b83bdd52fc110c34c015e72a36a4a4920bc4e8b8",
          "version": "6.8.4"
        }
      },
      {
        "package": "swift-log",
        "repositoryURL": "https://github.com/apple/swift-log.git",
        "state": {
          "branch": null,
          "revision": "5d66f7ba25daf4f94100e7022febf3c75e37a6c7",
          "version": "1.4.2"
        }
      }
    ]
  },
  "version": 1
}
