// !$*UTF8*$!
{
	archiveVersion = 1;
	classes = {
	};
	objectVersion = 50;
	objects = {

/* Begin PBXBuildFile section */
		B86588252716CC5500FC0CBB /* Tests_iOS.swift in Sources */ = {isa = PBXBuildFile; fileRef = B86588242716CC5500FC0CBB /* Tests_iOS.swift */; };
		B86588302716CC5500FC0CBB /* Tests_macOS.swift in Sources */ = {isa = PBXBuildFile; fileRef = B865882F2716CC5500FC0CBB /* Tests_macOS.swift */; };
		B86588322716CC5500FC0CBB /* The_OneApp.swift in Sources */ = {isa = PBXBuildFile; fileRef = B86588092716CC5200FC0CBB /* The_OneApp.swift */; };
		B86588332716CC5500FC0CBB /* The_OneApp.swift in Sources */ = {isa = PBXBuildFile; fileRef = B86588092716CC5200FC0CBB /* The_OneApp.swift */; };
		B86588342716CC5500FC0CBB /* ContentView.swift in Sources */ = {isa = PBXBuildFile; fileRef = B865880A2716CC5200FC0CBB /* ContentView.swift */; };
		B86588352716CC5500FC0CBB /* ContentView.swift in Sources */ = {isa = PBXBuildFile; fileRef = B865880A2716CC5200FC0CBB /* ContentView.swift */; };
		B86588362716CC5500FC0CBB /* Assets.xcassets in Resources */ = {isa = PBXBuildFile; fileRef = B865880B2716CC5500FC0CBB /* Assets.xcassets */; };
		B86588372716CC5500FC0CBB /* Assets.xcassets in Resources */ = {isa = PBXBuildFile; fileRef = B865880B2716CC5500FC0CBB /* Assets.xcassets */; };
/* End PBXBuildFile section */

/* Begin PBXContainerItemProxy section */
		B86588212716CC5500FC0CBB /* PBXContainerItemProxy */ = {
			isa = PBXContainerItemProxy;
			containerPortal = B86588042716CC5200FC0CBB /* Project object */;
			proxyType = 1;
			remoteGlobalIDString = B865880F2716CC5500FC0CBB;
			remoteInfo = "The One (iOS)";
		};
		B865882C2716CC5500FC0CBB /* PBXContainerItemProxy */ = {
			isa = PBXContainerItemProxy;
			containerPortal = B86588042716CC5200FC0CBB /* Project object */;
			proxyType = 1;
			remoteGlobalIDString = B86588172716CC5500FC0CBB;
			remoteInfo = "The One (macOS)";
		};
/* End PBXContainerItemProxy section */

/* Begin PBXFileReference section */
		B86588092716CC5200FC0CBB /* The_OneApp.swift */ = {isa = PBXFileReference; lastKnownFileType = sourcecode.swift; path = The_OneApp.swift; sourceTree = "<group>"; };
		B865880A2716CC5200FC0CBB /* ContentView.swift */ = {isa = PBXFileReference; lastKnownFileType = sourcecode.swift; path = ContentView.swift; sourceTree = "<group>"; };
		B865880B2716CC5500FC0CBB /* Assets.xcassets */ = {isa = PBXFileReference; lastKnownFileType = folder.assetcatalog; path = Assets.xcassets; sourceTree = "<group>"; };
		B86588102716CC5500FC0CBB /* The One.app */ = {isa = PBXFileReference; explicitFileType = wrapper.application; includeInIndex = 0; path = "The One.app"; sourceTree = BUILT_PRODUCTS_DIR; };
		B86588132716CC5500FC0CBB /* Info.plist */ = {isa = PBXFileReference; lastKnownFileType = text.plist.xml; path = Info.plist; sourceTree = "<group>"; };
		B86588182716CC5500FC0CBB /* The One.app */ = {isa = PBXFileReference; explicitFileType = wrapper.application; includeInIndex = 0; path = "The One.app"; sourceTree = BUILT_PRODUCTS_DIR; };
		B865881A2716CC5500FC0CBB /* Info.plist */ = {isa = PBXFileReference; lastKnownFileType = text.plist.xml; path = Info.plist; sourceTree = "<group>"; };
		B865881B2716CC5500FC0CBB /* macOS.entitlements */ = {isa = PBXFileReference; lastKnownFileType = text.plist.entitlements; path = macOS.entitlements; sourceTree = "<group>"; };
		B86588202716CC5500FC0CBB /* Tests iOS.xctest */ = {isa = PBXFileReference; explicitFileType = wrapper.cfbundle; includeInIndex = 0; path = "Tests iOS.xctest"; sourceTree = BUILT_PRODUCTS_DIR; };
		B86588242716CC5500FC0CBB /* Tests_iOS.swift */ = {isa = PBXFileReference; lastKnownFileType = sourcecode.swift; path = Tests_iOS.swift; sourceTree = "<group>"; };
		B86588262716CC5500FC0CBB /* Info.plist */ = {isa = PBXFileReference; lastKnownFileType = text.plist.xml; path = Info.plist; sourceTree = "<group>"; };
		B865882B2716CC5500FC0CBB /* Tests macOS.xctest */ = {isa = PBXFileReference; explicitFileType = wrapper.cfbundle; includeInIndex = 0; path = "Tests macOS.xctest"; sourceTree = BUILT_PRODUCTS_DIR; };
		B865882F2716CC5500FC0CBB /* Tests_macOS.swift */ = {isa = PBXFileReference; lastKnownFileType = sourcecode.swift; path = Tests_macOS.swift; sourceTree = "<group>"; };
		B86588312716CC5500FC0CBB /* Info.plist */ = {isa = PBXFileReference; lastKnownFileType = text.plist.xml; path = Info.plist; sourceTree = "<group>"; };
/* End PBXFileReference section */

/* Begin PBXFrameworksBuildPhase section */
		B865880D2716CC5500FC0CBB /* Frameworks */ = {
			isa = PBXFrameworksBuildPhase;
			buildActionMask = 2147483647;
			files = (
			);
			runOnlyForDeploymentPostprocessing = 0;
		};
		B86588152716CC5500FC0CBB /* Frameworks */ = {
			isa = PBXFrameworksBuildPhase;
			buildActionMask = 2147483647;
			files = (
			);
			runOnlyForDeploymentPostprocessing = 0;
		};
		B865881D2716CC5500FC0CBB /* Frameworks */ = {
			isa = PBXFrameworksBuildPhase;
			buildActionMask = 2147483647;
			files = (
			);
			runOnlyForDeploymentPostprocessing = 0;
		};
		B86588282716CC5500FC0CBB /* Frameworks */ = {
			isa = PBXFrameworksBuildPhase;
			buildActionMask = 2147483647;
			files = (
			);
			runOnlyForDeploymentPostprocessing = 0;
		};
/* End PBXFrameworksBuildPhase section */

/* Begin PBXGroup section */
		B86588032716CC5200FC0CBB = {
			isa = PBXGroup;
			children = (
				B86588082716CC5200FC0CBB /* Shared */,
				B86588122716CC5500FC0CBB /* iOS */,
				B86588192716CC5500FC0CBB /* macOS */,
				B86588232716CC5500FC0CBB /* Tests iOS */,
				B865882E2716CC5500FC0CBB /* Tests macOS */,
				B86588112716CC5500FC0CBB /* Products */,
			);
			sourceTree = "<group>";
		};
		B86588082716CC5200FC0CBB /* Shared */ = {
			isa = PBXGroup;
			children = (
				B86588092716CC5200FC0CBB /* The_OneApp.swift */,
				B865880A2716CC5200FC0CBB /* ContentView.swift */,
				B865880B2716CC5500FC0CBB /* Assets.xcassets */,
			);
			path = Shared;
			sourceTree = "<group>";
		};
		B86588112716CC5500FC0CBB /* Products */ = {
			isa = PBXGroup;
			children = (
				B86588102716CC5500FC0CBB /* The One.app */,
				B86588182716CC5500FC0CBB /* The One.app */,
				B86588202716CC5500FC0CBB /* Tests iOS.xctest */,
				B865882B2716CC5500FC0CBB /* Tests macOS.xctest */,
			);
			name = Products;
			sourceTree = "<group>";
		};
		B86588122716CC5500FC0CBB /* iOS */ = {
			isa = PBXGroup;
			children = (
				B86588132716CC5500FC0CBB /* Info.plist */,
			);
			path = iOS;
			sourceTree = "<group>";
		};
		B86588192716CC5500FC0CBB /* macOS */ = {
			isa = PBXGroup;
			children = (
				B865881A2716CC5500FC0CBB /* Info.plist */,
				B865881B2716CC5500FC0CBB /* macOS.entitlements */,
			);
			path = macOS;
			sourceTree = "<group>";
		};
		B86588232716CC5500FC0CBB /* Tests iOS */ = {
			isa = PBXGroup;
			children = (
				B86588242716CC5500FC0CBB /* Tests_iOS.swift */,
				B86588262716CC5500FC0CBB /* Info.plist */,
			);
			path = "Tests iOS";
			sourceTree = "<group>";
		};
		B865882E2716CC5500FC0CBB /* Tests macOS */ = {
			isa = PBXGroup;
			children = (
				B865882F2716CC5500FC0CBB /* Tests_macOS.swift */,
				B86588312716CC5500FC0CBB /* Info.plist */,
			);
			path = "Tests macOS";
			sourceTree = "<group>";
		};
/* End PBXGroup section */

/* Begin PBXNativeTarget section */
		B865880F2716CC5500FC0CBB /* The One (iOS) */ = {
			isa = PBXNativeTarget;
			buildConfigurationList = B865883A2716CC5500FC0CBB /* Build configuration list for PBXNativeTarget "The One (iOS)" */;
			buildPhases = (
				B865880C2716CC5500FC0CBB /* Sources */,
				B865880D2716CC5500FC0CBB /* Frameworks */,
				B865880E2716CC5500FC0CBB /* Resources */,
			);
			buildRules = (
			);
			dependencies = (
			);
			name = "The One (iOS)";
			productName = "The One (iOS)";
			productReference = B86588102716CC5500FC0CBB /* The One.app */;
			productType = "com.apple.product-type.application";
		};
		B86588172716CC5500FC0CBB /* The One (macOS) */ = {
			isa = PBXNativeTarget;
			buildConfigurationList = B865883D2716CC5500FC0CBB /* Build configuration list for PBXNativeTarget "The One (macOS)" */;
			buildPhases = (
				B86588142716CC5500FC0CBB /* Sources */,
				B86588152716CC5500FC0CBB /* Frameworks */,
				B86588162716CC5500FC0CBB /* Resources */,
			);
			buildRules = (
			);
			dependencies = (
			);
			name = "The One (macOS)";
			productName = "The One (macOS)";
			productReference = B86588182716CC5500FC0CBB /* The One.app */;
			productType = "com.apple.product-type.application";
		};
		B865881F2716CC5500FC0CBB /* Tests iOS */ = {
			isa = PBXNativeTarget;
			buildConfigurationList = B86588402716CC5500FC0CBB /* Build configuration list for PBXNativeTarget "Tests iOS" */;
			buildPhases = (
				B865881C2716CC5500FC0CBB /* Sources */,
				B865881D2716CC5500FC0CBB /* Frameworks */,
				B865881E2716CC5500FC0CBB /* Resources */,
			);
			buildRules = (
			);
			dependencies = (
				B86588222716CC5500FC0CBB /* PBXTargetDependency */,
			);
			name = "Tests iOS";
			productName = "Tests iOS";
			productReference = B86588202716CC5500FC0CBB /* Tests iOS.xctest */;
			productType = "com.apple.product-type.bundle.ui-testing";
		};
		B865882A2716CC5500FC0CBB /* Tests macOS */ = {
			isa = PBXNativeTarget;
			buildConfigurationList = B86588432716CC5500FC0CBB /* Build configuration list for PBXNativeTarget "Tests macOS" */;
			buildPhases = (
				B86588272716CC5500FC0CBB /* Sources */,
				B86588282716CC5500FC0CBB /* Frameworks */,
				B86588292716CC5500FC0CBB /* Resources */,
			);
			buildRules = (
			);
			dependencies = (
				B865882D2716CC5500FC0CBB /* PBXTargetDependency */,
			);
			name = "Tests macOS";
			productName = "Tests macOS";
			productReference = B865882B2716CC5500FC0CBB /* Tests macOS.xctest */;
			productType = "com.apple.product-type.bundle.ui-testing";
		};
/* End PBXNativeTarget section */

/* Begin PBXProject section */
		B86588042716CC5200FC0CBB /* Project object */ = {
			isa = PBXProject;
			attributes = {
				LastSwiftUpdateCheck = 1250;
				LastUpgradeCheck = 1250;
				TargetAttributes = {
					B865880F2716CC5500FC0CBB = {
						CreatedOnToolsVersion = 12.5.1;
					};
					B86588172716CC5500FC0CBB = {
						CreatedOnToolsVersion = 12.5.1;
					};
					B865881F2716CC5500FC0CBB = {
						CreatedOnToolsVersion = 12.5.1;
						TestTargetID = B865880F2716CC5500FC0CBB;
					};
					B865882A2716CC5500FC0CBB = {
						CreatedOnToolsVersion = 12.5.1;
						TestTargetID = B86588172716CC5500FC0CBB;
					};
				};
			};
			buildConfigurationList = B86588072716CC5200FC0CBB /* Build configuration list for PBXProject "The One" */;
			compatibilityVersion = "Xcode 9.3";
			developmentRegion = en;
			hasScannedForEncodings = 0;
			knownRegions = (
				en,
				Base,
			);
			mainGroup = B86588032716CC5200FC0CBB;
			productRefGroup = B86588112716CC5500FC0CBB /* Products */;
			projectDirPath = "";
			projectRoot = "";
			targets = (
				B865880F2716CC5500FC0CBB /* The One (iOS) */,
				B86588172716CC5500FC0CBB /* The One (macOS) */,
				B865881F2716CC5500FC0CBB /* Tests iOS */,
				B865882A2716CC5500FC0CBB /* Tests macOS */,
			);
		};
/* End PBXProject section */

/* Begin PBXResourcesBuildPhase section */
		B865880E2716CC5500FC0CBB /* Resources */ = {
			isa = PBXResourcesBuildPhase;
			buildActionMask = 2147483647;
			files = (
				B86588362716CC5500FC0CBB /* Assets.xcassets in Resources */,
			);
			runOnlyForDeploymentPostprocessing = 0;
		};
		B86588162716CC5500FC0CBB /* Resources */ = {
			isa = PBXResourcesBuildPhase;
			buildActionMask = 2147483647;
			files = (
				B86588372716CC5500FC0CBB /* Assets.xcassets in Resources */,
			);
			runOnlyForDeploymentPostprocessing = 0;
		};
		B865881E2716CC5500FC0CBB /* Resources */ = {
			isa = PBXResourcesBuildPhase;
			buildActionMask = 2147483647;
			files = (
			);
			runOnlyForDeploymentPostprocessing = 0;
		};
		B86588292716CC5500FC0CBB /* Resources */ = {
			isa = PBXResourcesBuildPhase;
			buildActionMask = 2147483647;
			files = (
			);
			runOnlyForDeploymentPostprocessing = 0;
		};
/* End PBXResourcesBuildPhase section */

/* Begin PBXSourcesBuildPhase section */
		B865880C2716CC5500FC0CBB /* Sources */ = {
			isa = PBXSourcesBuildPhase;
			buildActionMask = 2147483647;
			files = (
				B86588342716CC5500FC0CBB /* ContentView.swift in Sources */,
				B86588322716CC5500FC0CBB /* The_OneApp.swift in Sources */,
			);
			runOnlyForDeploymentPostprocessing = 0;
		};
		B86588142716CC5500FC0CBB /* Sources */ = {
			isa = PBXSourcesBuildPhase;
			buildActionMask = 2147483647;
			files = (
				B86588352716CC5500FC0CBB /* ContentView.swift in Sources */,
				B86588332716CC5500FC0CBB /* The_OneApp.swift in Sources */,
			);
			runOnlyForDeploymentPostprocessing = 0;
		};
		B865881C2716CC5500FC0CBB /* Sources */ = {
			isa = PBXSourcesBuildPhase;
			buildActionMask = 2147483647;
			files = (
				B86588252716CC5500FC0CBB /* Tests_iOS.swift in Sources */,
			);
			runOnlyForDeploymentPostprocessing = 0;
		};
		B86588272716CC5500FC0CBB /* Sources */ = {
			isa = PBXSourcesBuildPhase;
			buildActionMask = 2147483647;
			files = (
				B86588302716CC5500FC0CBB /* Tests_macOS.swift in Sources */,
			);
			runOnlyForDeploymentPostprocessing = 0;
		};
/* End PBXSourcesBuildPhase section */

/* Begin PBXTargetDependency section */
		B86588222716CC5500FC0CBB /* PBXTargetDependency */ = {
			isa = PBXTargetDependency;
			target = B865880F2716CC5500FC0CBB /* The One (iOS) */;
			targetProxy = B86588212716CC5500FC0CBB /* PBXContainerItemProxy */;
		};
		B865882D2716CC5500FC0CBB /* PBXTargetDependency */ = {
			isa = PBXTargetDependency;
			target = B86588172716CC5500FC0CBB /* The One (macOS) */;
			targetProxy = B865882C2716CC5500FC0CBB /* PBXContainerItemProxy */;
		};
/* End PBXTargetDependency section */

/* Begin XCBuildConfiguration section */
		B86588382716CC5500FC0CBB /* Debug */ = {
			isa = XCBuildConfiguration;
			buildSettings = {
				ALWAYS_SEARCH_USER_PATHS = NO;
				CLANG_ANALYZER_NONNULL = YES;
				CLANG_ANALYZER_NUMBER_OBJECT_CONVERSION = YES_AGGRESSIVE;
				CLANG_CXX_LANGUAGE_STANDARD = "gnu++14";
				CLANG_CXX_LIBRARY = "libc++";
				CLANG_ENABLE_MODULES = YES;
				CLANG_ENABLE_OBJC_ARC = YES;
				CLANG_ENABLE_OBJC_WEAK = YES;
				CLANG_WARN_BLOCK_CAPTURE_AUTORELEASING = YES;
				CLANG_WARN_BOOL_CONVERSION = YES;
				CLANG_WARN_COMMA = YES;
				CLANG_WARN_CONSTANT_CONVERSION = YES;
				CLANG_WARN_DEPRECATED_OBJC_IMPLEMENTATIONS = YES;
				CLANG_WARN_DIRECT_OBJC_ISA_USAGE = YES_ERROR;
				CLANG_WARN_DOCUMENTATION_COMMENTS = YES;
				CLANG_WARN_EMPTY_BODY = YES;
				CLANG_WARN_ENUM_CONVERSION = YES;
				CLANG_WARN_INFINITE_RECURSION = YES;
				CLANG_WARN_INT_CONVERSION = YES;
				CLANG_WARN_NON_LITERAL_NULL_CONVERSION = YES;
				CLANG_WARN_OBJC_IMPLICIT_RETAIN_SELF = YES;
				CLANG_WARN_OBJC_LITERAL_CONVERSION = YES;
				CLANG_WARN_OBJC_ROOT_CLASS = YES_ERROR;
				CLANG_WARN_QUOTED_INCLUDE_IN_FRAMEWORK_HEADER = YES;
				CLANG_WARN_RANGE_LOOP_ANALYSIS = YES;
				CLANG_WARN_STRICT_PROTOTYPES = YES;
				CLANG_WARN_SUSPICIOUS_MOVE = YES;
				CLANG_WARN_UNGUARDED_AVAILABILITY = YES_AGGRESSIVE;
				CLANG_WARN_UNREACHABLE_CODE = YES;
				CLANG_WARN__DUPLICATE_METHOD_MATCH = YES;
				COPY_PHASE_STRIP = NO;
				DEBUG_INFORMATION_FORMAT = dwarf;
				ENABLE_STRICT_OBJC_MSGSEND = YES;
				ENABLE_TESTABILITY = YES;
				GCC_C_LANGUAGE_STANDARD = gnu11;
				GCC_DYNAMIC_NO_PIC = NO;
				GCC_NO_COMMON_BLOCKS = YES;
				GCC_OPTIMIZATION_LEVEL = 0;
				GCC_PREPROCESSOR_DEFINITIONS = (
					"DEBUG=1",
					"$(inherited)",
				);
				GCC_WARN_64_TO_32_BIT_CONVERSION = YES;
				GCC_WARN_ABOUT_RETURN_TYPE = YES_ERROR;
				GCC_WARN_UNDECLARED_SELECTOR = YES;
				GCC_WARN_UNINITIALIZED_AUTOS = YES_AGGRESSIVE;
				GCC_WARN_UNUSED_FUNCTION = YES;
				GCC_WARN_UNUSED_VARIABLE = YES;
				MTL_ENABLE_DEBUG_INFO = INCLUDE_SOURCE;
				MTL_FAST_MATH = YES;
				ONLY_ACTIVE_ARCH = YES;
				SWIFT_ACTIVE_COMPILATION_CONDITIONS = DEBUG;
				SWIFT_OPTIMIZATION_LEVEL = "-Onone";
			};
			name = Debug;
		};
		B86588392716CC5500FC0CBB /* Release */ = {
			isa = XCBuildConfiguration;
			buildSettings = {
				ALWAYS_SEARCH_USER_PATHS = NO;
				CLANG_ANALYZER_NONNULL = YES;
				CLANG_ANALYZER_NUMBER_OBJECT_CONVERSION = YES_AGGRESSIVE;
				CLANG_CXX_LANGUAGE_STANDARD = "gnu++14";
				CLANG_CXX_LIBRARY = "libc++";
				CLANG_ENABLE_MODULES = YES;
				CLANG_ENABLE_OBJC_ARC = YES;
				CLANG_ENABLE_OBJC_WEAK = YES;
				CLANG_WARN_BLOCK_CAPTURE_AUTORELEASING = YES;
				CLANG_WARN_BOOL_CONVERSION = YES;
				CLANG_WARN_COMMA = YES;
				CLANG_WARN_CONSTANT_CONVERSION = YES;
				CLANG_WARN_DEPRECATED_OBJC_IMPLEMENTATIONS = YES;
				CLANG_WARN_DIRECT_OBJC_ISA_USAGE = YES_ERROR;
				CLANG_WARN_DOCUMENTATION_COMMENTS = YES;
				CLANG_WARN_EMPTY_BODY = YES;
				CLANG_WARN_ENUM_CONVERSION = YES;
				CLANG_WARN_INFINITE_RECURSION = YES;
				CLANG_WARN_INT_CONVERSION = YES;
				CLANG_WARN_NON_LITERAL_NULL_CONVERSION = YES;
				CLANG_WARN_OBJC_IMPLICIT_RETAIN_SELF = YES;
				CLANG_WARN_OBJC_LITERAL_CONVERSION = YES;
				CLANG_WARN_OBJC_ROOT_CLASS = YES_ERROR;
				CLANG_WARN_QUOTED_INCLUDE_IN_FRAMEWORK_HEADER = YES;
				CLANG_WARN_RANGE_LOOP_ANALYSIS = YES;
				CLANG_WARN_STRICT_PROTOTYPES = YES;
				CLANG_WARN_SUSPICIOUS_MOVE = YES;
				CLANG_WARN_UNGUARDED_AVAILABILITY = YES_AGGRESSIVE;
				CLANG_WARN_UNREACHABLE_CODE = YES;
				CLANG_WARN__DUPLICATE_METHOD_MATCH = YES;
				COPY_PHASE_STRIP = NO;
				DEBUG_INFORMATION_FORMAT = "dwarf-with-dsym";
				ENABLE_NS_ASSERTIONS = NO;
				ENABLE_STRICT_OBJC_MSGSEND = YES;
				GCC_C_LANGUAGE_STANDARD = gnu11;
				GCC_NO_COMMON_BLOCKS = YES;
				GCC_WARN_64_TO_32_BIT_CONVERSION = YES;
				GCC_WARN_ABOUT_RETURN_TYPE = YES_ERROR;
				GCC_WARN_UNDECLARED_SELECTOR = YES;
				GCC_WARN_UNINITIALIZED_AUTOS = YES_AGGRESSIVE;
				GCC_WARN_UNUSED_FUNCTION = YES;
				GCC_WARN_UNUSED_VARIABLE = YES;
				MTL_ENABLE_DEBUG_INFO = NO;
				MTL_FAST_MATH = YES;
				SWIFT_COMPILATION_MODE = wholemodule;
				SWIFT_OPTIMIZATION_LEVEL = "-O";
			};
			name = Release;
		};
		B865883B2716CC5500FC0CBB /* Debug */ = {
			isa = XCBuildConfiguration;
			buildSettings = {
				ASSETCATALOG_COMPILER_APPICON_NAME = AppIcon;
				ASSETCATALOG_COMPILER_GLOBAL_ACCENT_COLOR_NAME = AccentColor;
				CODE_SIGN_STYLE = Automatic;
				DEVELOPMENT_TEAM = 969Y6REAB6;
				ENABLE_PREVIEWS = YES;
				INFOPLIST_FILE = iOS/Info.plist;
				IPHONEOS_DEPLOYMENT_TARGET = 14.0;
				LD_RUNPATH_SEARCH_PATHS = (
					"$(inherited)",
					"@executable_path/Frameworks",
				);
				PRODUCT_BUNDLE_IDENTIFIER = "com.nerdor.theone.The-One";
				PRODUCT_NAME = "The One";
				SDKROOT = iphoneos;
				SWIFT_VERSION = 5.0;
				TARGETED_DEVICE_FAMILY = "1,2";
			};
			name = Debug;
		};
		B865883C2716CC5500FC0CBB /* Release */ = {
			isa = XCBuildConfiguration;
			buildSettings = {
				ASSETCATALOG_COMPILER_APPICON_NAME = AppIcon;
				ASSETCATALOG_COMPILER_GLOBAL_ACCENT_COLOR_NAME = AccentColor;
				CODE_SIGN_STYLE = Automatic;
				DEVELOPMENT_TEAM = 969Y6REAB6;
				ENABLE_PREVIEWS = YES;
				INFOPLIST_FILE = iOS/Info.plist;
				IPHONEOS_DEPLOYMENT_TARGET = 14.0;
				LD_RUNPATH_SEARCH_PATHS = (
					"$(inherited)",
					"@executable_path/Frameworks",
				);
				PRODUCT_BUNDLE_IDENTIFIER = "com.nerdor.theone.The-One";
				PRODUCT_NAME = "The One";
				SDKROOT = iphoneos;
				SWIFT_VERSION = 5.0;
				TARGETED_DEVICE_FAMILY = "1,2";
				VALIDATE_PRODUCT = YES;
			};
			name = Release;
		};
		B865883E2716CC5500FC0CBB /* Debug */ = {
			isa = XCBuildConfiguration;
			buildSettings = {
				ASSETCATALOG_COMPILER_APPICON_NAME = AppIcon;
				ASSETCATALOG_COMPILER_GLOBAL_ACCENT_COLOR_NAME = AccentColor;
				CODE_SIGN_ENTITLEMENTS = macOS/macOS.entitlements;
				CODE_SIGN_STYLE = Automatic;
				COMBINE_HIDPI_IMAGES = YES;
				DEVELOPMENT_TEAM = 969Y6REAB6;
				ENABLE_HARDENED_RUNTIME = YES;
				ENABLE_PREVIEWS = YES;
				INFOPLIST_FILE = macOS/Info.plist;
				LD_RUNPATH_SEARCH_PATHS = (
					"$(inherited)",
					"@executable_path/../Frameworks",
				);
				MACOSX_DEPLOYMENT_TARGET = 11.0;
				PRODUCT_BUNDLE_IDENTIFIER = "com.nerdor.theone.The-One";
				PRODUCT_NAME = "The One";
				SDKROOT = macosx;
				SWIFT_VERSION = 5.0;
			};
			name = Debug;
		};
		B865883F2716CC5500FC0CBB /* Release */ = {
			isa = XCBuildConfiguration;
			buildSettings = {
				ASSETCATALOG_COMPILER_APPICON_NAME = AppIcon;
				ASSETCATALOG_COMPILER_GLOBAL_ACCENT_COLOR_NAME = AccentColor;
				CODE_SIGN_ENTITLEMENTS = macOS/macOS.entitlements;
				CODE_SIGN_STYLE = Automatic;
				COMBINE_HIDPI_IMAGES = YES;
				DEVELOPMENT_TEAM = 969Y6REAB6;
				ENABLE_HARDENED_RUNTIME = YES;
				ENABLE_PREVIEWS = YES;
				INFOPLIST_FILE = macOS/Info.plist;
				LD_RUNPATH_SEARCH_PATHS = (
					"$(inherited)",
					"@executable_path/../Frameworks",
				);
				MACOSX_DEPLOYMENT_TARGET = 11.0;
				PRODUCT_BUNDLE_IDENTIFIER = "com.nerdor.theone.The-One";
				PRODUCT_NAME = "The One";
				SDKROOT = macosx;
				SWIFT_VERSION = 5.0;
			};
			name = Release;
		};
		B86588412716CC5500FC0CBB /* Debug */ = {
			isa = XCBuildConfiguration;
			buildSettings = {
				ALWAYS_EMBED_SWIFT_STANDARD_LIBRARIES = YES;
				CODE_SIGN_STYLE = Automatic;
				DEVELOPMENT_TEAM = 969Y6REAB6;
				INFOPLIST_FILE = "Tests iOS/Info.plist";
				IPHONEOS_DEPLOYMENT_TARGET = 14.5;
				LD_RUNPATH_SEARCH_PATHS = (
					"$(inherited)",
					"@executable_path/Frameworks",
					"@loader_path/Frameworks",
				);
				PRODUCT_BUNDLE_IDENTIFIER = "com.nerdor.theone.Tests-iOS";
				PRODUCT_NAME = "$(TARGET_NAME)";
				SDKROOT = iphoneos;
				SWIFT_VERSION = 5.0;
				TARGETED_DEVICE_FAMILY = "1,2";
				TEST_TARGET_NAME = "The One (iOS)";
			};
			name = Debug;
		};
		B86588422716CC5500FC0CBB /* Release */ = {
			isa = XCBuildConfiguration;
			buildSettings = {
				ALWAYS_EMBED_SWIFT_STANDARD_LIBRARIES = YES;
				CODE_SIGN_STYLE = Automatic;
				DEVELOPMENT_TEAM = 969Y6REAB6;
				INFOPLIST_FILE = "Tests iOS/Info.plist";
				IPHONEOS_DEPLOYMENT_TARGET = 14.5;
				LD_RUNPATH_SEARCH_PATHS = (
					"$(inherited)",
					"@executable_path/Frameworks",
					"@loader_path/Frameworks",
				);
				PRODUCT_BUNDLE_IDENTIFIER = "com.nerdor.theone.Tests-iOS";
				PRODUCT_NAME = "$(TARGET_NAME)";
				SDKROOT = iphoneos;
				SWIFT_VERSION = 5.0;
				TARGETED_DEVICE_FAMILY = "1,2";
				TEST_TARGET_NAME = "The One (iOS)";
				VALIDATE_PRODUCT = YES;
			};
			name = Release;
		};
		B86588442716CC5500FC0CBB /* Debug */ = {
			isa = XCBuildConfiguration;
			buildSettings = {
				ALWAYS_EMBED_SWIFT_STANDARD_LIBRARIES = YES;
				CODE_SIGN_STYLE = Automatic;
				COMBINE_HIDPI_IMAGES = YES;
				DEVELOPMENT_TEAM = 969Y6REAB6;
				INFOPLIST_FILE = "Tests macOS/Info.plist";
				LD_RUNPATH_SEARCH_PATHS = (
					"$(inherited)",
					"@executable_path/../Frameworks",
					"@loader_path/../Frameworks",
				);
				MACOSX_DEPLOYMENT_TARGET = 11.3;
				PRODUCT_BUNDLE_IDENTIFIER = "com.nerdor.theone.Tests-macOS";
				PRODUCT_NAME = "$(TARGET_NAME)";
				SDKROOT = macosx;
				SWIFT_VERSION = 5.0;
				TEST_TARGET_NAME = "The One (macOS)";
			};
			name = Debug;
		};
		B86588452716CC5500FC0CBB /* Release */ = {
			isa = XCBuildConfiguration;
			buildSettings = {
				ALWAYS_EMBED_SWIFT_STANDARD_LIBRARIES = YES;
				CODE_SIGN_STYLE = Automatic;
				COMBINE_HIDPI_IMAGES = YES;
				DEVELOPMENT_TEAM = 969Y6REAB6;
				INFOPLIST_FILE = "Tests macOS/Info.plist";
				LD_RUNPATH_SEARCH_PATHS = (
					"$(inherited)",
					"@executable_path/../Frameworks",
					"@loader_path/../Frameworks",
				);
				MACOSX_DEPLOYMENT_TARGET = 11.3;
				PRODUCT_BUNDLE_IDENTIFIER = "com.nerdor.theone.Tests-macOS";
				PRODUCT_NAME = "$(TARGET_NAME)";
				SDKROOT = macosx;
				SWIFT_VERSION = 5.0;
				TEST_TARGET_NAME = "The One (macOS)";
			};
			name = Release;
		};
/* End XCBuildConfiguration section */

/* Begin XCConfigurationList section */
		B86588072716CC5200FC0CBB /* Build configuration list for PBXProject "The One" */ = {
			isa = XCConfigurationList;
			buildConfigurations = (
				B86588382716CC5500FC0CBB /* Debug */,
				B86588392716CC5500FC0CBB /* Release */,
			);
			defaultConfigurationIsVisible = 0;
			defaultConfigurationName = Release;
		};
		B865883A2716CC5500FC0CBB /* Build configuration list for PBXNativeTarget "The One (iOS)" */ = {
			isa = XCConfigurationList;
			buildConfigurations = (
				B865883B2716CC5500FC0CBB /* Debug */,
				B865883C2716CC5500FC0CBB /* Release */,
			);
			defaultConfigurationIsVisible = 0;
			defaultConfigurationName = Release;
		};
		B865883D2716CC5500FC0CBB /* Build configuration list for PBXNativeTarget "The One (macOS)" */ = {
			isa = XCConfigurationList;
			buildConfigurations = (
				B865883E2716CC5500FC0CBB /* Debug */,
				B865883F2716CC5500FC0CBB /* Release */,
			);
			defaultConfigurationIsVisible = 0;
			defaultConfigurationName = Release;
		};
		B86588402716CC5500FC0CBB /* Build configuration list for PBXNativeTarget "Tests iOS" */ = {
			isa = XCConfigurationList;
			buildConfigurations = (
				B86588412716CC5500FC0CBB /* Debug */,
				B86588422716CC5500FC0CBB /* Release */,
			);
			defaultConfigurationIsVisible = 0;
			defaultConfigurationName = Release;
		};
		B86588432716CC5500FC0CBB /* Build configuration list for PBXNativeTarget "Tests macOS" */ = {
			isa = XCConfigurationList;
			buildConfigurations = (
				B86588442716CC5500FC0CBB /* Debug */,
				B86588452716CC5500FC0CBB /* Release */,
			);
			defaultConfigurationIsVisible = 0;
			defaultConfigurationName = Release;
		};
/* End XCConfigurationList section */
	};
	rootObject = B86588042716CC5200FC0CBB /* Project object */;
}
