{
  "pins" : [
    {
      "identity" : "clevertap-ios-sdk",
      "kind" : "remoteSourceControl",
      "location" : "https://github.com/CleverTap/clevertap-ios-sdk",
      "state" : {
        "revision" : "60d0a3f051c72d46ae0cc815ddf409c1ac097daf",
        "version" : "4.2.2"
      }
    },
    {
      "identity" : "sdwebimage",
      "kind" : "remoteSourceControl",
      "location" : "https://github.com/SDWebImage/SDWebImage.git",
      "state" : {
        "revision" : "fb50c1d20f24db5322b2f8f379de3618f75fe08e",
        "version" : "5.15.5"
      }
    },
    {
      "identity" : "swift-log",
      "kind" : "remoteSourceControl",
      "location" : "https://github.com/apple/swift-log.git",
      "state" : {
        "revision" : "32e8d724467f8fe623624570367e3d50c5638e46",
        "version" : "1.5.2"
      }
    }
  ],
  "version" : 2
}
